
Microsoft Visual Studio Solution File, Format Version 12.00
# Visual Studio Version 16
VisualStudioVersion = 16.0.33423.256
MinimumVisualStudioVersion = 10.0.40219.1
Project("{FAE04EC0-301F-11D3-BF4B-00C04F79EFBC}") = "SanguophageFaction", "SanguophageFaction.csproj", "{87C79EC8-910E-4195-A85D-D4885201BC36}"
EndProject
Global
	GlobalSection(SolutionConfigurationPlatforms) = preSolution
		Debug|Any CPU = Debug|Any CPU
		Release|Any CPU = Release|Any CPU
	EndGlobalSection
	GlobalSection(ProjectConfigurationPlatforms) = postSolution
		{87C79EC8-910E-4195-A85D-D4885201BC36}.Debug|Any CPU.ActiveCfg = Debug|Any CPU
		{87C79EC8-910E-4195-A85D-D4885201BC36}.Debug|Any CPU.Build.0 = Debug|Any CPU
		{87C79EC8-910E-4195-A85D-D4885201BC36}.Release|Any CPU.ActiveCfg = Release|Any CPU
		{87C79EC8-910E-4195-A85D-D4885201BC36}.Release|Any CPU.Build.0 = Release|Any CPU
	EndGlobalSection
	GlobalSection(SolutionProperties) = preSolution
		HideSolutionNode = FALSE
	EndGlobalSection
	GlobalSection(ExtensibilityGlobals) = postSolution
		SolutionGuid = {355CBA0D-81D7-4164-98E5-E41463603DD8}
	EndGlobalSection
EndGlobal
